PODS:
  - AloeStackView (1.2.0)
  - TinyConstraints (4.0.2)
  - UICodeKit (1.0.4):
    - AloeStackView
    - TinyConstraints

DEPENDENCIES:
  - TinyConstraints
  - UICodeKit (from `../`)

SPEC REPOS:
  trunk:
    - AloeStackView
    - TinyConstraints

EXTERNAL SOURCES:
  UICodeKit:
    :path: "../"

SPEC CHECKSUMS:
  AloeStackView: 8a4ce0efa08128dd78d538372f60c76c224034bb
  TinyConstraints: 7b7ccc0c485bb3bb47082138ff28bc33cd49897f
  UICodeKit: 44e1aa31b43af6248e08f28065640b1cec484634

PODFILE CHECKSUM: 2fd9c23a5807d0a2d0aedc1ec11630a9d18e964c

COCOAPODS: 1.11.2
