// !$*UTF8*$!
{
	archiveVersion = 1;
	classes = {
	};
	objectVersion = 46;
	objects = {

/* Begin PBXBuildFile section */
		607FACD61AFB9204008FA782 /* AppDelegate.swift in Sources */ = {isa = PBXBuildFile; fileRef = 607FACD51AFB9204008FA782 /* AppDelegate.swift */; };
		607FACDD1AFB9204008FA782 /* Images.xcassets in Resources */ = {isa = PBXBuildFile; fileRef = 607FACDC1AFB9204008FA782 /* Images.xcassets */; };
		607FACE01AFB9204008FA782 /* LaunchScreen.xib in Resources */ = {isa = PBXBuildFile; fileRef = 607FACDE1AFB9204008FA782 /* LaunchScreen.xib */; };
		607FACEC1AFB9204008FA782 /* Tests.swift in Sources */ = {isa = PBXBuildFile; fileRef = 607FACEB1AFB9204008FA782 /* Tests.swift */; };
		79FEB7ACEBFA6B16D389A411 /* Pods_UICodeKit_Tests.framework in Frameworks */ = {isa = PBXBuildFile; fileRef = 2481975F8622B81CEA5E5B03 /* Pods_UICodeKit_Tests.framework */; };
		C30C17902867B9E100F39C02 /* HomeView.swift in Sources */ = {isa = PBXBuildFile; fileRef = C30C178F2867B9E100F39C02 /* HomeView.swift */; };
		C30C17972867BA4000F39C02 /* HomeController.swift in Sources */ = {isa = PBXBuildFile; fileRef = C30C17962867BA4000F39C02 /* HomeController.swift */; };
		C32D8CCF2867BCFF001A1708 /* Wrapper.swift in Sources */ = {isa = PBXBuildFile; fileRef = C32D8CC12867BCFF001A1708 /* Wrapper.swift */; };
		C32D8CD02867BCFF001A1708 /* VTableView.swift in Sources */ = {isa = PBXBuildFile; fileRef = C32D8CC22867BCFF001A1708 /* VTableView.swift */; };
		C32D8CD12867BCFF001A1708 /* VStackModel.swift in Sources */ = {isa = PBXBuildFile; fileRef = C32D8CC42867BCFF001A1708 /* VStackModel.swift */; };
		C32D8CD22867BCFF001A1708 /* VScroll.swift in Sources */ = {isa = PBXBuildFile; fileRef = C32D8CC52867BCFF001A1708 /* VScroll.swift */; };
		C32D8CD32867BCFF001A1708 /* HStack.swift in Sources */ = {isa = PBXBuildFile; fileRef = C32D8CC62867BCFF001A1708 /* HStack.swift */; };
		C32D8CD42867BCFF001A1708 /* VStack.swift in Sources */ = {isa = PBXBuildFile; fileRef = C32D8CC72867BCFF001A1708 /* VStack.swift */; };
		C32D8CD52867BCFF001A1708 /* VSpacer.swift in Sources */ = {isa = PBXBuildFile; fileRef = C32D8CC82867BCFF001A1708 /* VSpacer.swift */; };
		C32D8CD62867BCFF001A1708 /* AdvancedOperators.swift in Sources */ = {isa = PBXBuildFile; fileRef = C32D8CCB2867BCFF001A1708 /* AdvancedOperators.swift */; };
		C32D8CD72867BCFF001A1708 /* BaseCell.swift in Sources */ = {isa = PBXBuildFile; fileRef = C32D8CCD2867BCFF001A1708 /* BaseCell.swift */; };
		C32D8CD82867BCFF001A1708 /* BaseView.swift in Sources */ = {isa = PBXBuildFile; fileRef = C32D8CCE2867BCFF001A1708 /* BaseView.swift */; };
		C39B2F3F2868BB1000B9A4B4 /* HomeViewOld.swift in Sources */ = {isa = PBXBuildFile; fileRef = C39B2F3E2868BB1000B9A4B4 /* HomeViewOld.swift */; };
		E872E4DC9EF516507A33D990 /* Pods_UICodeKit_Example.framework in Frameworks */ = {isa = PBXBuildFile; fileRef = 43A9836AA4F958BB3D0A3367 /* Pods_UICodeKit_Example.framework */; };
/* End PBXBuildFile section */

/* Begin PBXContainerItemProxy section */
		607FACE61AFB9204008FA782 /* PBXContainerItemProxy */ = {
			isa = PBXContainerItemProxy;
			containerPortal = 607FACC81AFB9204008FA782 /* Project object */;
			proxyType = 1;
			remoteGlobalIDString = 607FACCF1AFB9204008FA782;
			remoteInfo = UICodeKit;
		};
/* End PBXContainerItemProxy section */

/* Begin PBXFileReference section */
		082AAA86C819D5FC0000E5C9 /* Pods-UICodeKit_Example.debug.xcconfig */ = {isa = PBXFileReference; includeInIndex = 1; lastKnownFileType = text.xcconfig; name = "Pods-UICodeKit_Example.debug.xcconfig"; path = "Target Support Files/Pods-UICodeKit_Example/Pods-UICodeKit_Example.debug.xcconfig"; sourceTree = "<group>"; };
		1FB6BB3E62E17113A2062C6C /* UICodeKit.podspec */ = {isa = PBXFileReference; includeInIndex = 1; lastKnownFileType = text; name = UICodeKit.podspec; path = ../UICodeKit.podspec; sourceTree = "<group>"; xcLanguageSpecificationIdentifier = xcode.lang.ruby; };
		2481975F8622B81CEA5E5B03 /* Pods_UICodeKit_Tests.framework */ = {isa = PBXFileReference; explicitFileType = wrapper.framework; includeInIndex = 0; path = Pods_UICodeKit_Tests.framework; sourceTree = BUILT_PRODUCTS_DIR; };
		43A9836AA4F958BB3D0A3367 /* Pods_UICodeKit_Example.framework */ = {isa = PBXFileReference; explicitFileType = wrapper.framework; includeInIndex = 0; path = Pods_UICodeKit_Example.framework; sourceTree = BUILT_PRODUCTS_DIR; };
		566A53939506B14F5C6552AA /* LICENSE */ = {isa = PBXFileReference; includeInIndex = 1; lastKnownFileType = text; name = LICENSE; path = ../LICENSE; sourceTree = "<group>"; };
		607FACD01AFB9204008FA782 /* UICodeKit_Example.app */ = {isa = PBXFileReference; explicitFileType = wrapper.application; includeInIndex = 0; path = UICodeKit_Example.app; sourceTree = BUILT_PRODUCTS_DIR; };
		607FACD41AFB9204008FA782 /* Info.plist */ = {isa = PBXFileReference; lastKnownFileType = text.plist.xml; path = Info.plist; sourceTree = "<group>"; };
		607FACD51AFB9204008FA782 /* AppDelegate.swift */ = {isa = PBXFileReference; lastKnownFileType = sourcecode.swift; path = AppDelegate.swift; sourceTree = "<group>"; };
		607FACDC1AFB9204008FA782 /* Images.xcassets */ = {isa = PBXFileReference; lastKnownFileType = folder.assetcatalog; path = Images.xcassets; sourceTree = "<group>"; };
		607FACDF1AFB9204008FA782 /* Base */ = {isa = PBXFileReference; lastKnownFileType = file.xib; name = Base; path = Base.lproj/LaunchScreen.xib; sourceTree = "<group>"; };
		607FACE51AFB9204008FA782 /* UICodeKit_Tests.xctest */ = {isa = PBXFileReference; explicitFileType = wrapper.cfbundle; includeInIndex = 0; path = UICodeKit_Tests.xctest; sourceTree = BUILT_PRODUCTS_DIR; };
		607FACEA1AFB9204008FA782 /* Info.plist */ = {isa = PBXFileReference; lastKnownFileType = text.plist.xml; path = Info.plist; sourceTree = "<group>"; };
		607FACEB1AFB9204008FA782 /* Tests.swift */ = {isa = PBXFileReference; lastKnownFileType = sourcecode.swift; path = Tests.swift; sourceTree = "<group>"; };
		8828D7117BB930AE7D5927FB /* README.md */ = {isa = PBXFileReference; includeInIndex = 1; lastKnownFileType = net.daringfireball.markdown; name = README.md; path = ../README.md; sourceTree = "<group>"; };
		C12774FB74C35869274BE0E5 /* Pods-UICodeKit_Example.release.xcconfig */ = {isa = PBXFileReference; includeInIndex = 1; lastKnownFileType = text.xcconfig; name = "Pods-UICodeKit_Example.release.xcconfig"; path = "Target Support Files/Pods-UICodeKit_Example/Pods-UICodeKit_Example.release.xcconfig"; sourceTree = "<group>"; };
		C30C178F2867B9E100F39C02 /* HomeView.swift */ = {isa = PBXFileReference; lastKnownFileType = sourcecode.swift; path = HomeView.swift; sourceTree = "<group>"; };
		C30C17962867BA4000F39C02 /* HomeController.swift */ = {isa = PBXFileReference; lastKnownFileType = sourcecode.swift; path = HomeController.swift; sourceTree = "<group>"; };
		C32D8CC12867BCFF001A1708 /* Wrapper.swift */ = {isa = PBXFileReference; fileEncoding = 4; lastKnownFileType = sourcecode.swift; path = Wrapper.swift; sourceTree = "<group>"; };
		C32D8CC22867BCFF001A1708 /* VTableView.swift */ = {isa = PBXFileReference; fileEncoding = 4; lastKnownFileType = sourcecode.swift; path = VTableView.swift; sourceTree = "<group>"; };
		C32D8CC42867BCFF001A1708 /* VStackModel.swift */ = {isa = PBXFileReference; fileEncoding = 4; lastKnownFileType = sourcecode.swift; path = VStackModel.swift; sourceTree = "<group>"; };
		C32D8CC52867BCFF001A1708 /* VScroll.swift */ = {isa = PBXFileReference; fileEncoding = 4; lastKnownFileType = sourcecode.swift; path = VScroll.swift; sourceTree = "<group>"; };
		C32D8CC62867BCFF001A1708 /* HStack.swift */ = {isa = PBXFileReference; fileEncoding = 4; lastKnownFileType = sourcecode.swift; path = HStack.swift; sourceTree = "<group>"; };
		C32D8CC72867BCFF001A1708 /* VStack.swift */ = {isa = PBXFileReference; fileEncoding = 4; lastKnownFileType = sourcecode.swift; path = VStack.swift; sourceTree = "<group>"; };
		C32D8CC82867BCFF001A1708 /* VSpacer.swift */ = {isa = PBXFileReference; fileEncoding = 4; lastKnownFileType = sourcecode.swift; path = VSpacer.swift; sourceTree = "<group>"; };
		C32D8CCB2867BCFF001A1708 /* AdvancedOperators.swift */ = {isa = PBXFileReference; fileEncoding = 4; lastKnownFileType = sourcecode.swift; path = AdvancedOperators.swift; sourceTree = "<group>"; };
		C32D8CCD2867BCFF001A1708 /* BaseCell.swift */ = {isa = PBXFileReference; fileEncoding = 4; lastKnownFileType = sourcecode.swift; path = BaseCell.swift; sourceTree = "<group>"; };
		C32D8CCE2867BCFF001A1708 /* BaseView.swift */ = {isa = PBXFileReference; fileEncoding = 4; lastKnownFileType = sourcecode.swift; path = BaseView.swift; sourceTree = "<group>"; };
		C39B2F3E2868BB1000B9A4B4 /* HomeViewOld.swift */ = {isa = PBXFileReference; lastKnownFileType = sourcecode.swift; path = HomeViewOld.swift; sourceTree = "<group>"; };
		C7C31D6B3E041918008BB1BD /* Pods-UICodeKit_Tests.release.xcconfig */ = {isa = PBXFileReference; includeInIndex = 1; lastKnownFileType = text.xcconfig; name = "Pods-UICodeKit_Tests.release.xcconfig"; path = "Target Support Files/Pods-UICodeKit_Tests/Pods-UICodeKit_Tests.release.xcconfig"; sourceTree = "<group>"; };
		C8E3EBAF7F045636612D382B /* Pods-UICodeKit_Tests.debug.xcconfig */ = {isa = PBXFileReference; includeInIndex = 1; lastKnownFileType = text.xcconfig; name = "Pods-UICodeKit_Tests.debug.xcconfig"; path = "Target Support Files/Pods-UICodeKit_Tests/Pods-UICodeKit_Tests.debug.xcconfig"; sourceTree = "<group>"; };
/* End PBXFileReference section */

/* Begin PBXFrameworksBuildPhase section */
		607FACCD1AFB9204008FA782 /* Frameworks */ = {
			isa = PBXFrameworksBuildPhase;
			buildActionMask = 2147483647;
			files = (
				E872E4DC9EF516507A33D990 /* Pods_UICodeKit_Example.framework in Frameworks */,
			);
			runOnlyForDeploymentPostprocessing = 0;
		};
		607FACE21AFB9204008FA782 /* Frameworks */ = {
			isa = PBXFrameworksBuildPhase;
			buildActionMask = 2147483647;
			files = (
				79FEB7ACEBFA6B16D389A411 /* Pods_UICodeKit_Tests.framework in Frameworks */,
			);
			runOnlyForDeploymentPostprocessing = 0;
		};
/* End PBXFrameworksBuildPhase section */

/* Begin PBXGroup section */
		22A07BA0138BC724446BD011 /* Pods */ = {
			isa = PBXGroup;
			children = (
				082AAA86C819D5FC0000E5C9 /* Pods-UICodeKit_Example.debug.xcconfig */,
				C12774FB74C35869274BE0E5 /* Pods-UICodeKit_Example.release.xcconfig */,
				C8E3EBAF7F045636612D382B /* Pods-UICodeKit_Tests.debug.xcconfig */,
				C7C31D6B3E041918008BB1BD /* Pods-UICodeKit_Tests.release.xcconfig */,
			);
			path = Pods;
			sourceTree = "<group>";
		};
		3B9E56BFBED3F5BEBB264881 /* Frameworks */ = {
			isa = PBXGroup;
			children = (
				43A9836AA4F958BB3D0A3367 /* Pods_UICodeKit_Example.framework */,
				2481975F8622B81CEA5E5B03 /* Pods_UICodeKit_Tests.framework */,
			);
			name = Frameworks;
			sourceTree = "<group>";
		};
		607FACC71AFB9204008FA782 = {
			isa = PBXGroup;
			children = (
				C32D8CBF2867BCFF001A1708 /* Sources */,
				607FACF51AFB993E008FA782 /* Podspec Metadata */,
				607FACD21AFB9204008FA782 /* Example for UICodeKit */,
				607FACE81AFB9204008FA782 /* Tests */,
				607FACD11AFB9204008FA782 /* Products */,
				22A07BA0138BC724446BD011 /* Pods */,
				3B9E56BFBED3F5BEBB264881 /* Frameworks */,
			);
			sourceTree = "<group>";
		};
		607FACD11AFB9204008FA782 /* Products */ = {
			isa = PBXGroup;
			children = (
				607FACD01AFB9204008FA782 /* UICodeKit_Example.app */,
				607FACE51AFB9204008FA782 /* UICodeKit_Tests.xctest */,
			);
			name = Products;
			sourceTree = "<group>";
		};
		607FACD21AFB9204008FA782 /* Example for UICodeKit */ = {
			isa = PBXGroup;
			children = (
				C30C17932867BA0A00F39C02 /* Resources */,
				C30C17922867B9F000F39C02 /* Delegate */,
				C30C178E2867B9CD00F39C02 /* Sections */,
				607FACD31AFB9204008FA782 /* Supporting Files */,
			);
			name = "Example for UICodeKit";
			path = UICodeKit;
			sourceTree = "<group>";
		};
		607FACD31AFB9204008FA782 /* Supporting Files */ = {
			isa = PBXGroup;
			children = (
				607FACDE1AFB9204008FA782 /* LaunchScreen.xib */,
				607FACD41AFB9204008FA782 /* Info.plist */,
			);
			name = "Supporting Files";
			sourceTree = "<group>";
		};
		607FACE81AFB9204008FA782 /* Tests */ = {
			isa = PBXGroup;
			children = (
				607FACEB1AFB9204008FA782 /* Tests.swift */,
				607FACE91AFB9204008FA782 /* Supporting Files */,
			);
			path = Tests;
			sourceTree = "<group>";
		};
		607FACE91AFB9204008FA782 /* Supporting Files */ = {
			isa = PBXGroup;
			children = (
				607FACEA1AFB9204008FA782 /* Info.plist */,
			);
			name = "Supporting Files";
			sourceTree = "<group>";
		};
		607FACF51AFB993E008FA782 /* Podspec Metadata */ = {
			isa = PBXGroup;
			children = (
				1FB6BB3E62E17113A2062C6C /* UICodeKit.podspec */,
				8828D7117BB930AE7D5927FB /* README.md */,
				566A53939506B14F5C6552AA /* LICENSE */,
			);
			name = "Podspec Metadata";
			sourceTree = "<group>";
		};
		C30C178E2867B9CD00F39C02 /* Sections */ = {
			isa = PBXGroup;
			children = (
				C30C17942867BA3300F39C02 /* Home */,
			);
			name = Sections;
			sourceTree = "<group>";
		};
		C30C17912867B9E500F39C02 /* View */ = {
			isa = PBXGroup;
			children = (
				C30C178F2867B9E100F39C02 /* HomeView.swift */,
				C39B2F3E2868BB1000B9A4B4 /* HomeViewOld.swift */,
			);
			name = View;
			sourceTree = "<group>";
		};
		C30C17922867B9F000F39C02 /* Delegate */ = {
			isa = PBXGroup;
			children = (
				607FACD51AFB9204008FA782 /* AppDelegate.swift */,
			);
			name = Delegate;
			sourceTree = "<group>";
		};
		C30C17932867BA0A00F39C02 /* Resources */ = {
			isa = PBXGroup;
			children = (
				607FACDC1AFB9204008FA782 /* Images.xcassets */,
			);
			name = Resources;
			sourceTree = "<group>";
		};
		C30C17942867BA3300F39C02 /* Home */ = {
			isa = PBXGroup;
			children = (
				C30C17952867BA3800F39C02 /* Controller */,
				C30C17912867B9E500F39C02 /* View */,
			);
			name = Home;
			sourceTree = "<group>";
		};
		C30C17952867BA3800F39C02 /* Controller */ = {
			isa = PBXGroup;
			children = (
				C30C17962867BA4000F39C02 /* HomeController.swift */,
			);
			name = Controller;
			sourceTree = "<group>";
		};
		C32D8CBF2867BCFF001A1708 /* Sources */ = {
			isa = PBXGroup;
			children = (
				C32D8CC02867BCFF001A1708 /* UISystem */,
				C32D8CC92867BCFF001A1708 /* Common */,
				C32D8CCC2867BCFF001A1708 /* Base */,
			);
			name = Sources;
			path = ../Sources;
			sourceTree = "<group>";
		};
		C32D8CC02867BCFF001A1708 /* UISystem */ = {
			isa = PBXGroup;
			children = (
				C32D8CC12867BCFF001A1708 /* Wrapper.swift */,
				C32D8CC22867BCFF001A1708 /* VTableView.swift */,
				C32D8CC32867BCFF001A1708 /* Model */,
				C32D8CC52867BCFF001A1708 /* VScroll.swift */,
				C32D8CC62867BCFF001A1708 /* HStack.swift */,
				C32D8CC72867BCFF001A1708 /* VStack.swift */,
				C32D8CC82867BCFF001A1708 /* VSpacer.swift */,
			);
			path = UISystem;
			sourceTree = "<group>";
		};
		C32D8CC32867BCFF001A1708 /* Model */ = {
			isa = PBXGroup;
			children = (
				C32D8CC42867BCFF001A1708 /* VStackModel.swift */,
			);
			path = Model;
			sourceTree = "<group>";
		};
		C32D8CC92867BCFF001A1708 /* Common */ = {
			isa = PBXGroup;
			children = (
				C32D8CCA2867BCFF001A1708 /* Operators */,
			);
			path = Common;
			sourceTree = "<group>";
		};
		C32D8CCA2867BCFF001A1708 /* Operators */ = {
			isa = PBXGroup;
			children = (
				C32D8CCB2867BCFF001A1708 /* AdvancedOperators.swift */,
			);
			path = Operators;
			sourceTree = "<group>";
		};
		C32D8CCC2867BCFF001A1708 /* Base */ = {
			isa = PBXGroup;
			children = (
				C32D8CCD2867BCFF001A1708 /* BaseCell.swift */,
				C32D8CCE2867BCFF001A1708 /* BaseView.swift */,
			);
			path = Base;
			sourceTree = "<group>";
		};
/* End PBXGroup section */

/* Begin PBXNativeTarget section */
		607FACCF1AFB9204008FA782 /* UICodeKit_Example */ = {
			isa = PBXNativeTarget;
			buildConfigurationList = 607FACEF1AFB9204008FA782 /* Build configuration list for PBXNativeTarget "UICodeKit_Example" */;
			buildPhases = (
				11A19CBF2CF8D47136FDA6EA /* [CP] Check Pods Manifest.lock */,
				607FACCC1AFB9204008FA782 /* Sources */,
				607FACCD1AFB9204008FA782 /* Frameworks */,
				607FACCE1AFB9204008FA782 /* Resources */,
				F5365E1CF2E063549D870D74 /* [CP] Embed Pods Frameworks */,
			);
			buildRules = (
			);
			dependencies = (
			);
			name = UICodeKit_Example;
			productName = UICodeKit;
			productReference = 607FACD01AFB9204008FA782 /* UICodeKit_Example.app */;
			productType = "com.apple.product-type.application";
		};
		607FACE41AFB9204008FA782 /* UICodeKit_Tests */ = {
			isa = PBXNativeTarget;
			buildConfigurationList = 607FACF21AFB9204008FA782 /* Build configuration list for PBXNativeTarget "UICodeKit_Tests" */;
			buildPhases = (
				2F8B9665E0C294A432D435FE /* [CP] Check Pods Manifest.lock */,
				607FACE11AFB9204008FA782 /* Sources */,
				607FACE21AFB9204008FA782 /* Frameworks */,
				607FACE31AFB9204008FA782 /* Resources */,
			);
			buildRules = (
			);
			dependencies = (
				607FACE71AFB9204008FA782 /* PBXTargetDependency */,
			);
			name = UICodeKit_Tests;
			productName = Tests;
			productReference = 607FACE51AFB9204008FA782 /* UICodeKit_Tests.xctest */;
			productType = "com.apple.product-type.bundle.unit-test";
		};
/* End PBXNativeTarget section */

/* Begin PBXProject section */
		607FACC81AFB9204008FA782 /* Project object */ = {
			isa = PBXProject;
			attributes = {
				LastSwiftUpdateCheck = 0830;
				LastUpgradeCheck = 0830;
				ORGANIZATIONNAME = CocoaPods;
				TargetAttributes = {
					607FACCF1AFB9204008FA782 = {
						CreatedOnToolsVersion = 6.3.1;
						LastSwiftMigration = 0900;
					};
					607FACE41AFB9204008FA782 = {
						CreatedOnToolsVersion = 6.3.1;
						LastSwiftMigration = 0900;
						TestTargetID = 607FACCF1AFB9204008FA782;
					};
				};
			};
			buildConfigurationList = 607FACCB1AFB9204008FA782 /* Build configuration list for PBXProject "UICodeKit" */;
			compatibilityVersion = "Xcode 3.2";
			developmentRegion = English;
			hasScannedForEncodings = 0;
			knownRegions = (
				English,
				en,
				Base,
			);
			mainGroup = 607FACC71AFB9204008FA782;
			productRefGroup = 607FACD11AFB9204008FA782 /* Products */;
			projectDirPath = "";
			projectRoot = "";
			targets = (
				607FACCF1AFB9204008FA782 /* UICodeKit_Example */,
				607FACE41AFB9204008FA782 /* UICodeKit_Tests */,
			);
		};
/* End PBXProject section */

/* Begin PBXResourcesBuildPhase section */
		607FACCE1AFB9204008FA782 /* Resources */ = {
			isa = PBXResourcesBuildPhase;
			buildActionMask = 2147483647;
			files = (
				607FACE01AFB9204008FA782 /* LaunchScreen.xib in Resources */,
				607FACDD1AFB9204008FA782 /* Images.xcassets in Resources */,
			);
			runOnlyForDeploymentPostprocessing = 0;
		};
		607FACE31AFB9204008FA782 /* Resources */ = {
			isa = PBXResourcesBuildPhase;
			buildActionMask = 2147483647;
			files = (
			);
			runOnlyForDeploymentPostprocessing = 0;
		};
/* End PBXResourcesBuildPhase section */

/* Begin PBXShellScriptBuildPhase section */
		11A19CBF2CF8D47136FDA6EA /* [CP] Check Pods Manifest.lock */ = {
			isa = PBXShellScriptBuildPhase;
			buildActionMask = 2147483647;
			files = (
			);
			inputFileListPaths = (
			);
			inputPaths = (
				"${PODS_PODFILE_DIR_PATH}/Podfile.lock",
				"${PODS_ROOT}/Manifest.lock",
			);
			name = "[CP] Check Pods Manifest.lock";
			outputFileListPaths = (
			);
			outputPaths = (
				"$(DERIVED_FILE_DIR)/Pods-UICodeKit_Example-checkManifestLockResult.txt",
			);
			runOnlyForDeploymentPostprocessing = 0;
			shellPath = /bin/sh;
			shellScript = "diff \"${PODS_PODFILE_DIR_PATH}/Podfile.lock\" \"${PODS_ROOT}/Manifest.lock\" > /dev/null\nif [ $? != 0 ] ; then\n    # print error to STDERR\n    echo \"error: The sandbox is not in sync with the Podfile.lock. Run 'pod install' or update your CocoaPods installation.\" >&2\n    exit 1\nfi\n# This output is used by Xcode 'outputs' to avoid re-running this script phase.\necho \"SUCCESS\" > \"${SCRIPT_OUTPUT_FILE_0}\"\n";
			showEnvVarsInLog = 0;
		};
		2F8B9665E0C294A432D435FE /* [CP] Check Pods Manifest.lock */ = {
			isa = PBXShellScriptBuildPhase;
			buildActionMask = 2147483647;
			files = (
			);
			inputFileListPaths = (
			);
			inputPaths = (
				"${PODS_PODFILE_DIR_PATH}/Podfile.lock",
				"${PODS_ROOT}/Manifest.lock",
			);
			name = "[CP] Check Pods Manifest.lock";
			outputFileListPaths = (
			);
			outputPaths = (
				"$(DERIVED_FILE_DIR)/Pods-UICodeKit_Tests-checkManifestLockResult.txt",
			);
			runOnlyForDeploymentPostprocessing = 0;
			shellPath = /bin/sh;
			shellScript = "diff \"${PODS_PODFILE_DIR_PATH}/Podfile.lock\" \"${PODS_ROOT}/Manifest.lock\" > /dev/null\nif [ $? != 0 ] ; then\n    # print error to STDERR\n    echo \"error: The sandbox is not in sync with the Podfile.lock. Run 'pod install' or update your CocoaPods installation.\" >&2\n    exit 1\nfi\n# This output is used by Xcode 'outputs' to avoid re-running this script phase.\necho \"SUCCESS\" > \"${SCRIPT_OUTPUT_FILE_0}\"\n";
			showEnvVarsInLog = 0;
		};
		F5365E1CF2E063549D870D74 /* [CP] Embed Pods Frameworks */ = {
			isa = PBXShellScriptBuildPhase;
			buildActionMask = 2147483647;
			files = (
			);
			inputPaths = (
				"${PODS_ROOT}/Target Support Files/Pods-UICodeKit_Example/Pods-UICodeKit_Example-frameworks.sh",
				"${BUILT_PRODUCTS_DIR}/AloeStackView/AloeStackView.framework",
				"${BUILT_PRODUCTS_DIR}/TinyConstraints/TinyConstraints.framework",
				"${BUILT_PRODUCTS_DIR}/UICodeKit/UICodeKit.framework",
			);
			name = "[CP] Embed Pods Frameworks";
			outputPaths = (
				"${TARGET_BUILD_DIR}/${FRAMEWORKS_FOLDER_PATH}/AloeStackView.framework",
				"${TARGET_BUILD_DIR}/${FRAMEWORKS_FOLDER_PATH}/TinyConstraints.framework",
				"${TARGET_BUILD_DIR}/${FRAMEWORKS_FOLDER_PATH}/UICodeKit.framework",
			);
			runOnlyForDeploymentPostprocessing = 0;
			shellPath = /bin/sh;
			shellScript = "\"${PODS_ROOT}/Target Support Files/Pods-UICodeKit_Example/Pods-UICodeKit_Example-frameworks.sh\"\n";
			showEnvVarsInLog = 0;
		};
/* End PBXShellScriptBuildPhase section */

/* Begin PBXSourcesBuildPhase section */
		607FACCC1AFB9204008FA782 /* Sources */ = {
			isa = PBXSourcesBuildPhase;
			buildActionMask = 2147483647;
			files = (
				C32D8CD52867BCFF001A1708 /* VSpacer.swift in Sources */,
				C32D8CD82867BCFF001A1708 /* BaseView.swift in Sources */,
				607FACD61AFB9204008FA782 /* AppDelegate.swift in Sources */,
				C39B2F3F2868BB1000B9A4B4 /* HomeViewOld.swift in Sources */,
				C32D8CD62867BCFF001A1708 /* AdvancedOperators.swift in Sources */,
				C32D8CCF2867BCFF001A1708 /* Wrapper.swift in Sources */,
				C32D8CD72867BCFF001A1708 /* BaseCell.swift in Sources */,
				C30C17972867BA4000F39C02 /* HomeController.swift in Sources */,
				C32D8CD02867BCFF001A1708 /* VTableView.swift in Sources */,
				C30C17902867B9E100F39C02 /* HomeView.swift in Sources */,
				C32D8CD32867BCFF001A1708 /* HStack.swift in Sources */,
				C32D8CD22867BCFF001A1708 /* VScroll.swift in Sources */,
				C32D8CD12867BCFF001A1708 /* VStackModel.swift in Sources */,
				C32D8CD42867BCFF001A1708 /* VStack.swift in Sources */,
			);
			runOnlyForDeploymentPostprocessing = 0;
		};
		607FACE11AFB9204008FA782 /* Sources */ = {
			isa = PBXSourcesBuildPhase;
			buildActionMask = 2147483647;
			files = (
				607FACEC1AFB9204008FA782 /* Tests.swift in Sources */,
			);
			runOnlyForDeploymentPostprocessing = 0;
		};
/* End PBXSourcesBuildPhase section */

/* Begin PBXTargetDependency section */
		607FACE71AFB9204008FA782 /* PBXTargetDependency */ = {
			isa = PBXTargetDependency;
			target = 607FACCF1AFB9204008FA782 /* UICodeKit_Example */;
			targetProxy = 607FACE61AFB9204008FA782 /* PBXContainerItemProxy */;
		};
/* End PBXTargetDependency section */

/* Begin PBXVariantGroup section */
		607FACDE1AFB9204008FA782 /* LaunchScreen.xib */ = {
			isa = PBXVariantGroup;
			children = (
				607FACDF1AFB9204008FA782 /* Base */,
			);
			name = LaunchScreen.xib;
			sourceTree = "<group>";
		};
/* End PBXVariantGroup section */

/* Begin XCBuildConfiguration section */
		607FACED1AFB9204008FA782 /* Debug */ = {
			isa = XCBuildConfiguration;
			buildSettings = {
				ALWAYS_SEARCH_USER_PATHS = NO;
				CLANG_CXX_LANGUAGE_STANDARD = "gnu++0x";
				CLANG_CXX_LIBRARY = "libc++";
				CLANG_ENABLE_MODULES = YES;
				CLANG_ENABLE_OBJC_ARC = YES;
				CLANG_WARN_BLOCK_CAPTURE_AUTORELEASING = YES;
				CLANG_WARN_BOOL_CONVERSION = YES;
				CLANG_WARN_COMMA = YES;
				CLANG_WARN_CONSTANT_CONVERSION = YES;
				CLANG_WARN_DIRECT_OBJC_ISA_USAGE = YES_ERROR;
				CLANG_WARN_EMPTY_BODY = YES;
				CLANG_WARN_ENUM_CONVERSION = YES;
				CLANG_WARN_INFINITE_RECURSION = YES;
				CLANG_WARN_INT_CONVERSION = YES;
				CLANG_WARN_NON_LITERAL_NULL_CONVERSION = YES;
				CLANG_WARN_OBJC_LITERAL_CONVERSION = YES;
				CLANG_WARN_OBJC_ROOT_CLASS = YES_ERROR;
				CLANG_WARN_RANGE_LOOP_ANALYSIS = YES;
				CLANG_WARN_STRICT_PROTOTYPES = YES;
				CLANG_WARN_SUSPICIOUS_MOVE = YES;
				CLANG_WARN_UNREACHABLE_CODE = YES;
				CLANG_WARN__DUPLICATE_METHOD_MATCH = YES;
				"CODE_SIGN_IDENTITY[sdk=iphoneos*]" = "iPhone Developer";
				COPY_PHASE_STRIP = NO;
				DEBUG_INFORMATION_FORMAT = "dwarf-with-dsym";
				ENABLE_STRICT_OBJC_MSGSEND = YES;
				ENABLE_TESTABILITY = YES;
				GCC_C_LANGUAGE_STANDARD = gnu99;
				GCC_DYNAMIC_NO_PIC = NO;
				GCC_NO_COMMON_BLOCKS = YES;
				GCC_OPTIMIZATION_LEVEL = 0;
				GCC_PREPROCESSOR_DEFINITIONS = (
					"DEBUG=1",
					"$(inherited)",
				);
				GCC_SYMBOLS_PRIVATE_EXTERN = NO;
				GCC_WARN_64_TO_32_BIT_CONVERSION = YES;
				GCC_WARN_ABOUT_RETURN_TYPE = YES_ERROR;
				GCC_WARN_UNDECLARED_SELECTOR = YES;
				GCC_WARN_UNINITIALIZED_AUTOS = YES_AGGRESSIVE;
				GCC_WARN_UNUSED_FUNCTION = YES;
				GCC_WARN_UNUSED_VARIABLE = YES;
				IPHONEOS_DEPLOYMENT_TARGET = 10.0;
				MTL_ENABLE_DEBUG_INFO = YES;
				ONLY_ACTIVE_ARCH = YES;
				SDKROOT = iphoneos;
				SWIFT_OPTIMIZATION_LEVEL = "-Onone";
			};
			name = Debug;
		};
		607FACEE1AFB9204008FA782 /* Release */ = {
			isa = XCBuildConfiguration;
			buildSettings = {
				ALWAYS_SEARCH_USER_PATHS = NO;
				CLANG_CXX_LANGUAGE_STANDARD = "gnu++0x";
				CLANG_CXX_LIBRARY = "libc++";
				CLANG_ENABLE_MODULES = YES;
				CLANG_ENABLE_OBJC_ARC = YES;
				CLANG_WARN_BLOCK_CAPTURE_AUTORELEASING = YES;
				CLANG_WARN_BOOL_CONVERSION = YES;
				CLANG_WARN_COMMA = YES;
				CLANG_WARN_CONSTANT_CONVERSION = YES;
				CLANG_WARN_DIRECT_OBJC_ISA_USAGE = YES_ERROR;
				CLANG_WARN_EMPTY_BODY = YES;
				CLANG_WARN_ENUM_CONVERSION = YES;
				CLANG_WARN_INFINITE_RECURSION = YES;
				CLANG_WARN_INT_CONVERSION = YES;
				CLANG_WARN_NON_LITERAL_NULL_CONVERSION = YES;
				CLANG_WARN_OBJC_LITERAL_CONVERSION = YES;
				CLANG_WARN_OBJC_ROOT_CLASS = YES_ERROR;
				CLANG_WARN_RANGE_LOOP_ANALYSIS = YES;
				CLANG_WARN_STRICT_PROTOTYPES = YES;
				CLANG_WARN_SUSPICIOUS_MOVE = YES;
				CLANG_WARN_UNREACHABLE_CODE = YES;
				CLANG_WARN__DUPLICATE_METHOD_MATCH = YES;
				"CODE_SIGN_IDENTITY[sdk=iphoneos*]" = "iPhone Developer";
				COPY_PHASE_STRIP = NO;
				DEBUG_INFORMATION_FORMAT = "dwarf-with-dsym";
				ENABLE_NS_ASSERTIONS = NO;
				ENABLE_STRICT_OBJC_MSGSEND = YES;
				GCC_C_LANGUAGE_STANDARD = gnu99;
				GCC_NO_COMMON_BLOCKS = YES;
				GCC_WARN_64_TO_32_BIT_CONVERSION = YES;
				GCC_WARN_ABOUT_RETURN_TYPE = YES_ERROR;
				GCC_WARN_UNDECLARED_SELECTOR = YES;
				GCC_WARN_UNINITIALIZED_AUTOS = YES_AGGRESSIVE;
				GCC_WARN_UNUSED_FUNCTION = YES;
				GCC_WARN_UNUSED_VARIABLE = YES;
				IPHONEOS_DEPLOYMENT_TARGET = 10.0;
				MTL_ENABLE_DEBUG_INFO = NO;
				SDKROOT = iphoneos;
				SWIFT_OPTIMIZATION_LEVEL = "-Owholemodule";
				VALIDATE_PRODUCT = YES;
			};
			name = Release;
		};
		607FACF01AFB9204008FA782 /* Debug */ = {
			isa = XCBuildConfiguration;
			baseConfigurationReference = 082AAA86C819D5FC0000E5C9 /* Pods-UICodeKit_Example.debug.xcconfig */;
			buildSettings = {
				ASSETCATALOG_COMPILER_APPICON_NAME = AppIcon;
				INFOPLIST_FILE = UICodeKit/Info.plist;
				LD_RUNPATH_SEARCH_PATHS = "$(inherited) @executable_path/Frameworks";
				MODULE_NAME = ExampleApp;
				PRODUCT_BUNDLE_IDENTIFIER = "org.cocoapods.demo.$(PRODUCT_NAME:rfc1034identifier)";
				PRODUCT_NAME = "$(TARGET_NAME)";
				SWIFT_SWIFT3_OBJC_INFERENCE = Default;
				SWIFT_VERSION = 4.0;
			};
			name = Debug;
		};
		607FACF11AFB9204008FA782 /* Release */ = {
			isa = XCBuildConfiguration;
			baseConfigurationReference = C12774FB74C35869274BE0E5 /* Pods-UICodeKit_Example.release.xcconfig */;
			buildSettings = {
				ASSETCATALOG_COMPILER_APPICON_NAME = AppIcon;
				INFOPLIST_FILE = UICodeKit/Info.plist;
				LD_RUNPATH_SEARCH_PATHS = "$(inherited) @executable_path/Frameworks";
				MODULE_NAME = ExampleApp;
				PRODUCT_BUNDLE_IDENTIFIER = "org.cocoapods.demo.$(PRODUCT_NAME:rfc1034identifier)";
				PRODUCT_NAME = "$(TARGET_NAME)";
				SWIFT_SWIFT3_OBJC_INFERENCE = Default;
				SWIFT_VERSION = 4.0;
			};
			name = Release;
		};
		607FACF31AFB9204008FA782 /* Debug */ = {
			isa = XCBuildConfiguration;
			baseConfigurationReference = C8E3EBAF7F045636612D382B /* Pods-UICodeKit_Tests.debug.xcconfig */;
			buildSettings = {
				FRAMEWORK_SEARCH_PATHS = (
					"$(PLATFORM_DIR)/Developer/Library/Frameworks",
					"$(inherited)",
				);
				GCC_PREPROCESSOR_DEFINITIONS = (
					"DEBUG=1",
					"$(inherited)",
				);
				INFOPLIST_FILE = Tests/Info.plist;
				LD_RUNPATH_SEARCH_PATHS = "$(inherited) @executable_path/Frameworks @loader_path/Frameworks";
				PRODUCT_BUNDLE_IDENTIFIER = "org.cocoapods.$(PRODUCT_NAME:rfc1034identifier)";
				PRODUCT_NAME = "$(TARGET_NAME)";
				SWIFT_SWIFT3_OBJC_INFERENCE = Default;
				SWIFT_VERSION = 4.0;
				TEST_HOST = "$(BUILT_PRODUCTS_DIR)/UICodeKit_Example.app/UICodeKit_Example";
			};
			name = Debug;
		};
		607FACF41AFB9204008FA782 /* Release */ = {
			isa = XCBuildConfiguration;
			baseConfigurationReference = C7C31D6B3E041918008BB1BD /* Pods-UICodeKit_Tests.release.xcconfig */;
			buildSettings = {
				FRAMEWORK_SEARCH_PATHS = (
					"$(PLATFORM_DIR)/Developer/Library/Frameworks",
					"$(inherited)",
				);
				INFOPLIST_FILE = Tests/Info.plist;
				LD_RUNPATH_SEARCH_PATHS = "$(inherited) @executable_path/Frameworks @loader_path/Frameworks";
				PRODUCT_BUNDLE_IDENTIFIER = "org.cocoapods.$(PRODUCT_NAME:rfc1034identifier)";
				PRODUCT_NAME = "$(TARGET_NAME)";
				SWIFT_SWIFT3_OBJC_INFERENCE = Default;
				SWIFT_VERSION = 4.0;
				TEST_HOST = "$(BUILT_PRODUCTS_DIR)/UICodeKit_Example.app/UICodeKit_Example";
			};
			name = Release;
		};
/* End XCBuildConfiguration section */

/* Begin XCConfigurationList section */
		607FACCB1AFB9204008FA782 /* Build configuration list for PBXProject "UICodeKit" */ = {
			isa = XCConfigurationList;
			buildConfigurations = (
				607FACED1AFB9204008FA782 /* Debug */,
				607FACEE1AFB9204008FA782 /* Release */,
			);
			defaultConfigurationIsVisible = 0;
			defaultConfigurationName = Release;
		};
		607FACEF1AFB9204008FA782 /* Build configuration list for PBXNativeTarget "UICodeKit_Example" */ = {
			isa = XCConfigurationList;
			buildConfigurations = (
				607FACF01AFB9204008FA782 /* Debug */,
				607FACF11AFB9204008FA782 /* Release */,
			);
			defaultConfigurationIsVisible = 0;
			defaultConfigurationName = Release;
		};
		607FACF21AFB9204008FA782 /* Build configuration list for PBXNativeTarget "UICodeKit_Tests" */ = {
			isa = XCConfigurationList;
			buildConfigurations = (
				607FACF31AFB9204008FA782 /* Debug */,
				607FACF41AFB9204008FA782 /* Release */,
			);
			defaultConfigurationIsVisible = 0;
			defaultConfigurationName = Release;
		};
/* End XCConfigurationList section */
	};
	rootObject = 607FACC81AFB9204008FA782 /* Project object */;
}
